
Microsoft Visual Studio Solution File, Format Version 12.00
# Visual Studio Version 17
VisualStudioVersion = 17.6.33829.357
MinimumVisualStudioVersion = 10.0.40219.1
Project("{2150E333-8FDC-42A3-9474-1A3956D46DE8}") = "API", "API", "{804D5A96-1C69-4BE4-A136-BE47456CE659}"
EndProject
Project("{2150E333-8FDC-42A3-9474-1A3956D46DE8}") = "UI", "UI", "{57850A2D-97B2-4474-883B-E97E52CB041B}"
EndProject
Project("{2150E333-8FDC-42A3-9474-1A3956D46DE8}") = "Core", "Core", "{32639561-3882-4447-99A1-5D063E39987C}"
EndProject
Project("{2150E333-8FDC-42A3-9474-1A3956D46DE8}") = "Infrastructure", "Infrastructure", "{D5C8C17C-3F3C-4BFB-BC93-FC456DD80374}"
EndProject
Project("{FAE04EC0-301F-11D3-BF4B-00C04F79EFBC}") = "SpendLess.Api", "SpendLess.Api\SpendLess.Api.csproj", "{3D385D7D-7D49-45C8-919A-B17DFF4BCD1C}"
EndProject
Project("{FAE04EC0-301F-11D3-BF4B-00C04F79EFBC}") = "SpendLess.Application", "SpendLess.Application\SpendLess.Application.csproj", "{ADA806E8-5A9E-4F7F-9ACE-CDC24CEA22E6}"
EndProject
Project("{FAE04EC0-301F-11D3-BF4B-00C04F79EFBC}") = "SpendLess.Domain", "SpendLess.Domain\SpendLess.Domain.csproj", "{D454ED29-DF0F-4D0D-99BF-CB646DCF5034}"
EndProject
Project("{FAE04EC0-301F-11D3-BF4B-00C04F79EFBC}") = "SpendLess.Infrastructure", "SpendLess.Infrastructure\SpendLess.Infrastructure.csproj", "{DB8FFFEB-0D66-4737-B3E9-7FCEB2A03FDD}"
EndProject
Project("{FAE04EC0-301F-11D3-BF4B-00C04F79EFBC}") = "SpendLess.Identity", "SpendLess.Identity\SpendLess.Identity.csproj", "{1C4FF31A-7E0B-496C-AC94-E5B0AA904E2F}"
EndProject
Project("{FAE04EC0-301F-11D3-BF4B-00C04F79EFBC}") = "SpendLess.Persistence", "SpendLess.Persistence\SpendLess.Persistence.csproj", "{FC459D1D-046A-4A5D-AE53-84F9F6CCCA50}"
EndProject
Project("{2150E333-8FDC-42A3-9474-1A3956D46DE8}") = "src", "src", "{273AAAAB-E45B-463C-81CF-B6C0F796596C}"
EndProject
Project("{2150E333-8FDC-42A3-9474-1A3956D46DE8}") = "tests", "tests", "{986C7464-0B0A-458B-933E-FA8EE8DF12C8}"
EndProject
Project("{FAE04EC0-301F-11D3-BF4B-00C04F79EFBC}") = "SpendLess.MVC", "SpendLess.MVC\SpendLess.MVC.csproj", "{A69BE924-29BD-44B8-BE8D-29D8CD9A6538}"
EndProject
Global
	GlobalSection(SolutionConfigurationPlatforms) = preSolution
		Debug|Any CPU = Debug|Any CPU
		Release|Any CPU = Release|Any CPU
	EndGlobalSection
	GlobalSection(ProjectConfigurationPlatforms) = postSolution
		{3D385D7D-7D49-45C8-919A-B17DFF4BCD1C}.Debug|Any CPU.ActiveCfg = Debug|Any CPU
		{3D385D7D-7D49-45C8-919A-B17DFF4BCD1C}.Debug|Any CPU.Build.0 = Debug|Any CPU
		{3D385D7D-7D49-45C8-919A-B17DFF4BCD1C}.Release|Any CPU.ActiveCfg = Release|Any CPU
		{3D385D7D-7D49-45C8-919A-B17DFF4BCD1C}.Release|Any CPU.Build.0 = Release|Any CPU
		{ADA806E8-5A9E-4F7F-9ACE-CDC24CEA22E6}.Debug|Any CPU.ActiveCfg = Debug|Any CPU
		{ADA806E8-5A9E-4F7F-9ACE-CDC24CEA22E6}.Debug|Any CPU.Build.0 = Debug|Any CPU
		{ADA806E8-5A9E-4F7F-9ACE-CDC24CEA22E6}.Release|Any CPU.ActiveCfg = Release|Any CPU
		{ADA806E8-5A9E-4F7F-9ACE-CDC24CEA22E6}.Release|Any CPU.Build.0 = Release|Any CPU
		{D454ED29-DF0F-4D0D-99BF-CB646DCF5034}.Debug|Any CPU.ActiveCfg = Debug|Any CPU
		{D454ED29-DF0F-4D0D-99BF-CB646DCF5034}.Debug|Any CPU.Build.0 = Debug|Any CPU
		{D454ED29-DF0F-4D0D-99BF-CB646DCF5034}.Release|Any CPU.ActiveCfg = Release|Any CPU
		{D454ED29-DF0F-4D0D-99BF-CB646DCF5034}.Release|Any CPU.Build.0 = Release|Any CPU
		{DB8FFFEB-0D66-4737-B3E9-7FCEB2A03FDD}.Debug|Any CPU.ActiveCfg = Debug|Any CPU
		{DB8FFFEB-0D66-4737-B3E9-7FCEB2A03FDD}.Debug|Any CPU.Build.0 = Debug|Any CPU
		{DB8FFFEB-0D66-4737-B3E9-7FCEB2A03FDD}.Release|Any CPU.ActiveCfg = Release|Any CPU
		{DB8FFFEB-0D66-4737-B3E9-7FCEB2A03FDD}.Release|Any CPU.Build.0 = Release|Any CPU
		{1C4FF31A-7E0B-496C-AC94-E5B0AA904E2F}.Debug|Any CPU.ActiveCfg = Debug|Any CPU
		{1C4FF31A-7E0B-496C-AC94-E5B0AA904E2F}.Debug|Any CPU.Build.0 = Debug|Any CPU
		{1C4FF31A-7E0B-496C-AC94-E5B0AA904E2F}.Release|Any CPU.ActiveCfg = Release|Any CPU
		{1C4FF31A-7E0B-496C-AC94-E5B0AA904E2F}.Release|Any CPU.Build.0 = Release|Any CPU
		{FC459D1D-046A-4A5D-AE53-84F9F6CCCA50}.Debug|Any CPU.ActiveCfg = Debug|Any CPU
		{FC459D1D-046A-4A5D-AE53-84F9F6CCCA50}.Debug|Any CPU.Build.0 = Debug|Any CPU
		{FC459D1D-046A-4A5D-AE53-84F9F6CCCA50}.Release|Any CPU.ActiveCfg = Release|Any CPU
		{FC459D1D-046A-4A5D-AE53-84F9F6CCCA50}.Release|Any CPU.Build.0 = Release|Any CPU
		{A69BE924-29BD-44B8-BE8D-29D8CD9A6538}.Debug|Any CPU.ActiveCfg = Debug|Any CPU
		{A69BE924-29BD-44B8-BE8D-29D8CD9A6538}.Debug|Any CPU.Build.0 = Debug|Any CPU
		{A69BE924-29BD-44B8-BE8D-29D8CD9A6538}.Release|Any CPU.ActiveCfg = Release|Any CPU
		{A69BE924-29BD-44B8-BE8D-29D8CD9A6538}.Release|Any CPU.Build.0 = Release|Any CPU
	EndGlobalSection
	GlobalSection(SolutionProperties) = preSolution
		HideSolutionNode = FALSE
	EndGlobalSection
	GlobalSection(NestedProjects) = preSolution
		{804D5A96-1C69-4BE4-A136-BE47456CE659} = {273AAAAB-E45B-463C-81CF-B6C0F796596C}
		{57850A2D-97B2-4474-883B-E97E52CB041B} = {273AAAAB-E45B-463C-81CF-B6C0F796596C}
		{32639561-3882-4447-99A1-5D063E39987C} = {273AAAAB-E45B-463C-81CF-B6C0F796596C}
		{D5C8C17C-3F3C-4BFB-BC93-FC456DD80374} = {273AAAAB-E45B-463C-81CF-B6C0F796596C}
		{3D385D7D-7D49-45C8-919A-B17DFF4BCD1C} = {804D5A96-1C69-4BE4-A136-BE47456CE659}
		{ADA806E8-5A9E-4F7F-9ACE-CDC24CEA22E6} = {32639561-3882-4447-99A1-5D063E39987C}
		{D454ED29-DF0F-4D0D-99BF-CB646DCF5034} = {32639561-3882-4447-99A1-5D063E39987C}
		{DB8FFFEB-0D66-4737-B3E9-7FCEB2A03FDD} = {D5C8C17C-3F3C-4BFB-BC93-FC456DD80374}
		{1C4FF31A-7E0B-496C-AC94-E5B0AA904E2F} = {D5C8C17C-3F3C-4BFB-BC93-FC456DD80374}
		{FC459D1D-046A-4A5D-AE53-84F9F6CCCA50} = {D5C8C17C-3F3C-4BFB-BC93-FC456DD80374}
		{A69BE924-29BD-44B8-BE8D-29D8CD9A6538} = {57850A2D-97B2-4474-883B-E97E52CB041B}
	EndGlobalSection
	GlobalSection(ExtensibilityGlobals) = postSolution
		SolutionGuid = {2F764C6D-B517-49A6-9439-228B92381A1F}
	EndGlobalSection
EndGlobal
